
Microsoft Visual Studio Solution File, Format Version 12.00
# Visual Studio 15
VisualStudioVersion = 15.0.28307.489
MinimumVisualStudioVersion = 10.0.40219.1
Project("{8BC9CEB8-8B4A-11D0-8D11-00A0C91BC942}") = "no_python", "no_python\no_python.vcxproj", "{D477FF10-954D-49B6-BFAB-AAD8A5E1B707}"
EndProject
Global
	GlobalSection(SolutionConfigurationPlatforms) = preSolution
		Debug|x64 = Debug|x64
		Debug|x86 = Debug|x86
		Release|x64 = Release|x64
		Release|x86 = Release|x86
	EndGlobalSection
	GlobalSection(ProjectConfigurationPlatforms) = postSolution
		{D477FF10-954D-49B6-BFAB-AAD8A5E1B707}.Debug|x64.ActiveCfg = Debug|x64
		{D477FF10-954D-49B6-BFAB-AAD8A5E1B707}.Debug|x64.Build.0 = Debug|x64
		{D477FF10-954D-49B6-BFAB-AAD8A5E1B707}.Debug|x86.ActiveCfg = Debug|Win32
		{D477FF10-954D-49B6-BFAB-AAD8A5E1B707}.Debug|x86.Build.0 = Debug|Win32
		{D477FF10-954D-49B6-BFAB-AAD8A5E1B707}.Release|x64.ActiveCfg = Release|x64
		{D477FF10-954D-49B6-BFAB-AAD8A5E1B707}.Release|x64.Build.0 = Release|x64
		{D477FF10-954D-49B6-BFAB-AAD8A5E1B707}.Release|x86.ActiveCfg = Release|Win32
		{D477FF10-954D-49B6-BFAB-AAD8A5E1B707}.Release|x86.Build.0 = Release|Win32
	EndGlobalSection
	GlobalSection(SolutionProperties) = preSolution
		HideSolutionNode = FALSE
	EndGlobalSection
	GlobalSection(ExtensibilityGlobals) = postSolution
		SolutionGuid = {E493D0F3-4647-4D93-BB2F-35723D0E600A}
	EndGlobalSection
EndGlobal
